
Microsoft Visual Studio Solution File, Format Version 12.00
# Visual Studio Version 17
VisualStudioVersion = 17.3.32901.215
MinimumVisualStudioVersion = 10.0.40219.1
Project("{FAE04EC0-301F-11D3-BF4B-00C04F79EFBC}") = "2Grafs", "2Grafs\2Grafs.csproj", "{8F78C3DF-A0F6-46ED-B83B-387364607460}"
EndProject
Global
	GlobalSection(SolutionConfigurationPlatforms) = preSolution
		Debug|Any CPU = Debug|Any CPU
		Release|Any CPU = Release|Any CPU
	EndGlobalSection
	GlobalSection(ProjectConfigurationPlatforms) = postSolution
		{8F78C3DF-A0F6-46ED-B83B-387364607460}.Debug|Any CPU.ActiveCfg = Debug|Any CPU
		{8F78C3DF-A0F6-46ED-B83B-387364607460}.Debug|Any CPU.Build.0 = Debug|Any CPU
		{8F78C3DF-A0F6-46ED-B83B-387364607460}.Release|Any CPU.ActiveCfg = Release|Any CPU
		{8F78C3DF-A0F6-46ED-B83B-387364607460}.Release|Any CPU.Build.0 = Release|Any CPU
	EndGlobalSection
	GlobalSection(SolutionProperties) = preSolution
		HideSolutionNode = FALSE
	EndGlobalSection
	GlobalSection(ExtensibilityGlobals) = postSolution
		SolutionGuid = {1FBD269A-4E0E-412E-BA0E-F12FBF49BE35}
	EndGlobalSection
EndGlobal
